github.com/adityatelange/hugo-PaperMod v0.0.0-20250921135154-8e06a8ab4340 h1:R+2MMeFxCkq/oVd+sRbT47j9pvNDRyDpFz2XY8TXGVs=
github.com/adityatelange/hugo-PaperMod v0.0.0-20250921135154-8e06a8ab4340/go.mod h1:HCHxNMKYdGafUYjVV3ICiAqznZK2yH0iI53jqcDFDdQ=
github.com/adityatelange/hugo-PaperMod v0.0.0-20250926184558-73f747f01752 h1:D88FBFHa7daIX8xfOfgB5hrJ8/L8aaQEf1lnLdGxWwc=
github.com/adityatelange/hugo-PaperMod v0.0.0-20250926184558-73f747f01752/go.mod h1:HCHxNMKYdGafUYjVV3ICiAqznZK2yH0iI53jqcDFDdQ=
github.com/adityatelange/hugo-PaperMod v0.0.0-20250928140428-6e10faefc871 h1:CBPCk+fC36ykeMWsA4EqAhivXRQBV2SVSUuUA4MtRhc=
github.com/adityatelange/hugo-PaperMod v0.0.0-20250928140428-6e10faefc871/go.mod h1:HCHxNMKYdGafUYjVV3ICiAqznZK2yH0iI53jqcDFDdQ=
